
Microsoft Visual Studio Solution File, Format Version 12.00
# Visual Studio Version 16
VisualStudioVersion = 16.0.30804.86
MinimumVisualStudioVersion = 10.0.40219.1
Project("{FAE04EC0-301F-11D3-BF4B-00C04F79EFBC}") = "LocationExample.Android", "LocationExample\LocationExample.Android\LocationExample.Android.csproj", "{BB111943-48B8-4995-8705-6A5D49E970D6}"
EndProject
Project("{FAE04EC0-301F-11D3-BF4B-00C04F79EFBC}") = "LocationExample", "LocationExample\LocationExample\LocationExample.csproj", "{591A54D2-EF29-41DB-A34B-816DF925320A}"
EndProject
Global
	GlobalSection(SolutionConfigurationPlatforms) = preSolution
		Debug|Any CPU = Debug|Any CPU
		Release|Any CPU = Release|Any CPU
	EndGlobalSection
	GlobalSection(ProjectConfigurationPlatforms) = postSolution
		{BB111943-48B8-4995-8705-6A5D49E970D6}.Debug|Any CPU.ActiveCfg = Debug|Any CPU
		{BB111943-48B8-4995-8705-6A5D49E970D6}.Debug|Any CPU.Build.0 = Debug|Any CPU
		{BB111943-48B8-4995-8705-6A5D49E970D6}.Debug|Any CPU.Deploy.0 = Debug|Any CPU
		{BB111943-48B8-4995-8705-6A5D49E970D6}.Release|Any CPU.ActiveCfg = Release|Any CPU
		{BB111943-48B8-4995-8705-6A5D49E970D6}.Release|Any CPU.Build.0 = Release|Any CPU
		{BB111943-48B8-4995-8705-6A5D49E970D6}.Release|Any CPU.Deploy.0 = Release|Any CPU
		{591A54D2-EF29-41DB-A34B-816DF925320A}.Debug|Any CPU.ActiveCfg = Debug|Any CPU
		{591A54D2-EF29-41DB-A34B-816DF925320A}.Debug|Any CPU.Build.0 = Debug|Any CPU
		{591A54D2-EF29-41DB-A34B-816DF925320A}.Debug|Any CPU.Deploy.0 = Debug|Any CPU
		{591A54D2-EF29-41DB-A34B-816DF925320A}.Release|Any CPU.ActiveCfg = Release|Any CPU
		{591A54D2-EF29-41DB-A34B-816DF925320A}.Release|Any CPU.Build.0 = Release|Any CPU
		{591A54D2-EF29-41DB-A34B-816DF925320A}.Release|Any CPU.Deploy.0 = Release|Any CPU
	EndGlobalSection
	GlobalSection(SolutionProperties) = preSolution
		HideSolutionNode = FALSE
	EndGlobalSection
	GlobalSection(ExtensibilityGlobals) = postSolution
		SolutionGuid = {96CA3206-666A-40ED-812E-6B5C5E6418F1}
	EndGlobalSection
EndGlobal
